
Microsoft Visual Studio Solution File, Format Version 12.00
# Visual Studio Version 16
VisualStudioVersion = 16.0.32510.428
MinimumVisualStudioVersion = 10.0.40219.1
Project("{FAE04EC0-301F-11D3-BF4B-00C04F79EFBC}") = "Task1", "Task1\Task1.csproj", "{37DB469C-1C8C-4D37-9874-63FCA4342FAE}"
EndProject
Project("{FAE04EC0-301F-11D3-BF4B-00C04F79EFBC}") = "Task2", "Task2\Task2.csproj", "{3719D1DD-8EAC-4BC6-B1D3-9C9CE88890D9}"
EndProject
Global
	GlobalSection(SolutionConfigurationPlatforms) = preSolution
		Debug|Any CPU = Debug|Any CPU
		Release|Any CPU = Release|Any CPU
	EndGlobalSection
	GlobalSection(ProjectConfigurationPlatforms) = postSolution
		{37DB469C-1C8C-4D37-9874-63FCA4342FAE}.Debug|Any CPU.ActiveCfg = Debug|Any CPU
		{37DB469C-1C8C-4D37-9874-63FCA4342FAE}.Debug|Any CPU.Build.0 = Debug|Any CPU
		{37DB469C-1C8C-4D37-9874-63FCA4342FAE}.Release|Any CPU.ActiveCfg = Release|Any CPU
		{37DB469C-1C8C-4D37-9874-63FCA4342FAE}.Release|Any CPU.Build.0 = Release|Any CPU
		{3719D1DD-8EAC-4BC6-B1D3-9C9CE88890D9}.Debug|Any CPU.ActiveCfg = Debug|Any CPU
		{3719D1DD-8EAC-4BC6-B1D3-9C9CE88890D9}.Debug|Any CPU.Build.0 = Debug|Any CPU
		{3719D1DD-8EAC-4BC6-B1D3-9C9CE88890D9}.Release|Any CPU.ActiveCfg = Release|Any CPU
		{3719D1DD-8EAC-4BC6-B1D3-9C9CE88890D9}.Release|Any CPU.Build.0 = Release|Any CPU
	EndGlobalSection
	GlobalSection(SolutionProperties) = preSolution
		HideSolutionNode = FALSE
	EndGlobalSection
	GlobalSection(ExtensibilityGlobals) = postSolution
		SolutionGuid = {BCB515A5-2789-4D1B-8D96-BACF8317CF69}
	EndGlobalSection
EndGlobal
